
Microsoft Visual Studio Solution File, Format Version 12.00
# Visual Studio Version 17
VisualStudioVersion = 17.13.35825.156 d17.13
MinimumVisualStudioVersion = 10.0.40219.1
Project("{FAE04EC0-301F-11D3-BF4B-00C04F79EFBC}") = "week1", "week1.csproj", "{56E1689F-2B71-421A-938A-48D428ADB9B0}"
EndProject
Global
	GlobalSection(SolutionConfigurationPlatforms) = preSolution
		Debug|Any CPU = Debug|Any CPU
		Release|Any CPU = Release|Any CPU
	EndGlobalSection
	GlobalSection(ProjectConfigurationPlatforms) = postSolution
		{56E1689F-2B71-421A-938A-48D428ADB9B0}.Debug|Any CPU.ActiveCfg = Debug|Any CPU
		{56E1689F-2B71-421A-938A-48D428ADB9B0}.Debug|Any CPU.Build.0 = Debug|Any CPU
		{56E1689F-2B71-421A-938A-48D428ADB9B0}.Release|Any CPU.ActiveCfg = Release|Any CPU
		{56E1689F-2B71-421A-938A-48D428ADB9B0}.Release|Any CPU.Build.0 = Release|Any CPU
	EndGlobalSection
	GlobalSection(SolutionProperties) = preSolution
		HideSolutionNode = FALSE
	EndGlobalSection
	GlobalSection(ExtensibilityGlobals) = postSolution
		SolutionGuid = {3A99C1B2-7996-44DC-8769-8460594B893A}
	EndGlobalSection
EndGlobal
